
Microsoft Visual Studio Solution File, Format Version 12.00
# Visual Studio Version 17
VisualStudioVersion = 17.14.36221.1 d17.14
MinimumVisualStudioVersion = 10.0.40219.1
Project("{FAE04EC0-301F-11D3-BF4B-00C04F79EFBC}") = "RazorPagesMovie", "RazorPagesMovie.csproj", "{1101927E-AA58-498D-913F-27B4D4325020}"
EndProject
Global
	GlobalSection(SolutionConfigurationPlatforms) = preSolution
		Debug|Any CPU = Debug|Any CPU
		Release|Any CPU = Release|Any CPU
	EndGlobalSection
	GlobalSection(ProjectConfigurationPlatforms) = postSolution
		{1101927E-AA58-498D-913F-27B4D4325020}.Debug|Any CPU.ActiveCfg = Debug|Any CPU
		{1101927E-AA58-498D-913F-27B4D4325020}.Debug|Any CPU.Build.0 = Debug|Any CPU
		{1101927E-AA58-498D-913F-27B4D4325020}.Release|Any CPU.ActiveCfg = Release|Any CPU
		{1101927E-AA58-498D-913F-27B4D4325020}.Release|Any CPU.Build.0 = Release|Any CPU
	EndGlobalSection
	GlobalSection(SolutionProperties) = preSolution
		HideSolutionNode = FALSE
	EndGlobalSection
	GlobalSection(ExtensibilityGlobals) = postSolution
		SolutionGuid = {F6006ECC-125D-4136-ADA9-90173BCB9E8B}
	EndGlobalSection
EndGlobal
